
Microsoft Visual Studio Solution File, Format Version 12.00
# Visual Studio Version 16
VisualStudioVersion = 16.0.31205.134
MinimumVisualStudioVersion = 10.0.40219.1
Project("{FAE04EC0-301F-11D3-BF4B-00C04F79EFBC}") = "ConsoleApp1", "ConsoleApp1\ConsoleApp1.csproj", "{45115D2C-A40E-49D3-866D-14C269228395}"
EndProject
Global
	GlobalSection(SolutionConfigurationPlatforms) = preSolution
		Debug|Any CPU = Debug|Any CPU
		Release|Any CPU = Release|Any CPU
	EndGlobalSection
	GlobalSection(ProjectConfigurationPlatforms) = postSolution
		{45115D2C-A40E-49D3-866D-14C269228395}.Debug|Any CPU.ActiveCfg = Debug|Any CPU
		{45115D2C-A40E-49D3-866D-14C269228395}.Debug|Any CPU.Build.0 = Debug|Any CPU
		{45115D2C-A40E-49D3-866D-14C269228395}.Release|Any CPU.ActiveCfg = Release|Any CPU
		{45115D2C-A40E-49D3-866D-14C269228395}.Release|Any CPU.Build.0 = Release|Any CPU
	EndGlobalSection
	GlobalSection(SolutionProperties) = preSolution
		HideSolutionNode = FALSE
	EndGlobalSection
	GlobalSection(ExtensibilityGlobals) = postSolution
		SolutionGuid = {3880EDAD-86AC-4F34-A28B-15947D016D3C}
	EndGlobalSection
EndGlobal
